
Microsoft Visual Studio Solution File, Format Version 12.00
# Visual Studio Version 17
VisualStudioVersion = 17.8.34309.116
MinimumVisualStudioVersion = 10.0.40219.1
Project("{FAE04EC0-301F-11D3-BF4B-00C04F79EFBC}") = "BIMBEL1", "BIMBEL1\BIMBEL1.csproj", "{67D76A7B-0BAA-4418-819F-B2DF0300D257}"
EndProject
Global
	GlobalSection(SolutionConfigurationPlatforms) = preSolution
		Debug|Any CPU = Debug|Any CPU
		Release|Any CPU = Release|Any CPU
	EndGlobalSection
	GlobalSection(ProjectConfigurationPlatforms) = postSolution
		{67D76A7B-0BAA-4418-819F-B2DF0300D257}.Debug|Any CPU.ActiveCfg = Debug|Any CPU
		{67D76A7B-0BAA-4418-819F-B2DF0300D257}.Debug|Any CPU.Build.0 = Debug|Any CPU
		{67D76A7B-0BAA-4418-819F-B2DF0300D257}.Release|Any CPU.ActiveCfg = Release|Any CPU
		{67D76A7B-0BAA-4418-819F-B2DF0300D257}.Release|Any CPU.Build.0 = Release|Any CPU
	EndGlobalSection
	GlobalSection(SolutionProperties) = preSolution
		HideSolutionNode = FALSE
	EndGlobalSection
	GlobalSection(ExtensibilityGlobals) = postSolution
		SolutionGuid = {DA48AE56-C521-4D26-A170-2961D8C359D9}
	EndGlobalSection
EndGlobal
